{
  "nodes": {
    "disko": {
      "inputs": {
        "nixpkgs": [
          "nixpkgs"
        ]
      },
      "locked": {
        "lastModified": 1690473955,
        "narHash": "sha256-fQDi3egnML8kFrJjmmjIZsAuQQzRv0RgEKpd1XnZ2UY=",
        "owner": "nix-community",
        "repo": "disko",
        "rev": "4aa3641e277794fc40bf64688c533c68a77b9a96",
        "type": "github"
      },
      "original": {
        "owner": "nix-community",
        "repo": "disko",
        "type": "github"
      }
    },
    "home-manager": {
      "inputs": {
        "nixpkgs": [
          "nixpkgs"
        ]
      },
      "locked": {
        "lastModified": 1687871164,
        "narHash": "sha256-bBFlPthuYX322xOlpJvkjUBz0C+MOBjZdDOOJJ+G2jU=",
        "owner": "nix-community",
        "repo": "home-manager",
        "rev": "07c347bb50994691d7b0095f45ebd8838cf6bc38",
        "type": "github"
      },
      "original": {
        "owner": "nix-community",
        "ref": "release-23.05",
        "repo": "home-manager",
        "type": "github"
      }
    },
    "nixpkgs": {
      "locked": {
        "lastModified": 1690370995,
        "narHash": "sha256-9z//23jGegLJrf3ITStLwVf715O39dq5u48Kr/XW14U=",
        "owner": "nixos",
        "repo": "nixpkgs",
        "rev": "f3fbbc36b4e179a5985b9ab12624e9dfe7989341",
        "type": "github"
      },
      "original": {
        "owner": "nixos",
        "ref": "nixos-23.05",
        "repo": "nixpkgs",
        "type": "github"
      }
    },
    "nixpkgs-unstable": {
      "locked": {
        "lastModified": 1690272529,
        "narHash": "sha256-MakzcKXEdv/I4qJUtq/k/eG+rVmyOZLnYNC2w1mB59Y=",
        "owner": "NixOS",
        "repo": "nixpkgs",
        "rev": "ef99fa5c5ed624460217c31ac4271cfb5cb2502c",
        "type": "github"
      },
      "original": {
        "owner": "NixOS",
        "ref": "nixos-unstable",
        "repo": "nixpkgs",
        "type": "github"
      }
    },
    "root": {
      "inputs": {
        "disko": "disko",
        "home-manager": "home-manager",
        "nixpkgs": "nixpkgs",
        "nixpkgs-unstable": "nixpkgs-unstable"
      }
    }
  },
  "root": "root",
  "version": 7
}
